
Microsoft Visual Studio Solution File, Format Version 12.00
# Visual Studio Version 17
VisualStudioVersion = 17.9.34622.214
MinimumVisualStudioVersion = 10.0.40219.1
Project("{FAE04EC0-301F-11D3-BF4B-00C04F79EFBC}") = "C7", "C7\C7.csproj", "{CEA9AEA5-A5B5-4519-886E-F64D982B888E}"
EndProject
Global
	GlobalSection(SolutionConfigurationPlatforms) = preSolution
		Debug|Any CPU = Debug|Any CPU
		Release|Any CPU = Release|Any CPU
	EndGlobalSection
	GlobalSection(ProjectConfigurationPlatforms) = postSolution
		{CEA9AEA5-A5B5-4519-886E-F64D982B888E}.Debug|Any CPU.ActiveCfg = Debug|Any CPU
		{CEA9AEA5-A5B5-4519-886E-F64D982B888E}.Debug|Any CPU.Build.0 = Debug|Any CPU
		{CEA9AEA5-A5B5-4519-886E-F64D982B888E}.Release|Any CPU.ActiveCfg = Release|Any CPU
		{CEA9AEA5-A5B5-4519-886E-F64D982B888E}.Release|Any CPU.Build.0 = Release|Any CPU
	EndGlobalSection
	GlobalSection(SolutionProperties) = preSolution
		HideSolutionNode = FALSE
	EndGlobalSection
	GlobalSection(ExtensibilityGlobals) = postSolution
		SolutionGuid = {57DF1DA3-4784-4188-9196-B73BCCC54299}
	EndGlobalSection
EndGlobal
