
Microsoft Visual Studio Solution File, Format Version 12.00
# Visual Studio Version 17
VisualStudioVersion = 17.9.34622.214
MinimumVisualStudioVersion = 10.0.40219.1
Project("{FAE04EC0-301F-11D3-BF4B-00C04F79EFBC}") = "C7_intstrukcja", "C7_intstrukcja\C7_intstrukcja.csproj", "{776D4B44-4A8E-4706-908E-7DFE09C701E1}"
EndProject
Global
	GlobalSection(SolutionConfigurationPlatforms) = preSolution
		Debug|Any CPU = Debug|Any CPU
		Release|Any CPU = Release|Any CPU
	EndGlobalSection
	GlobalSection(ProjectConfigurationPlatforms) = postSolution
		{776D4B44-4A8E-4706-908E-7DFE09C701E1}.Debug|Any CPU.ActiveCfg = Debug|Any CPU
		{776D4B44-4A8E-4706-908E-7DFE09C701E1}.Debug|Any CPU.Build.0 = Debug|Any CPU
		{776D4B44-4A8E-4706-908E-7DFE09C701E1}.Release|Any CPU.ActiveCfg = Release|Any CPU
		{776D4B44-4A8E-4706-908E-7DFE09C701E1}.Release|Any CPU.Build.0 = Release|Any CPU
	EndGlobalSection
	GlobalSection(SolutionProperties) = preSolution
		HideSolutionNode = FALSE
	EndGlobalSection
	GlobalSection(ExtensibilityGlobals) = postSolution
		SolutionGuid = {171B527E-3DC9-4A6F-A4DD-9C8D64FE214F}
	EndGlobalSection
EndGlobal
