
Microsoft Visual Studio Solution File, Format Version 12.00
# Visual Studio Version 17
VisualStudioVersion = 17.9.34622.214
MinimumVisualStudioVersion = 10.0.40219.1
Project("{FAE04EC0-301F-11D3-BF4B-00C04F79EFBC}") = "C5", "C5\C5.csproj", "{AFF28039-5C7F-40F2-97A0-C3DD2ABF9FCA}"
EndProject
Global
	GlobalSection(SolutionConfigurationPlatforms) = preSolution
		Debug|Any CPU = Debug|Any CPU
		Release|Any CPU = Release|Any CPU
	EndGlobalSection
	GlobalSection(ProjectConfigurationPlatforms) = postSolution
		{AFF28039-5C7F-40F2-97A0-C3DD2ABF9FCA}.Debug|Any CPU.ActiveCfg = Debug|Any CPU
		{AFF28039-5C7F-40F2-97A0-C3DD2ABF9FCA}.Debug|Any CPU.Build.0 = Debug|Any CPU
		{AFF28039-5C7F-40F2-97A0-C3DD2ABF9FCA}.Release|Any CPU.ActiveCfg = Release|Any CPU
		{AFF28039-5C7F-40F2-97A0-C3DD2ABF9FCA}.Release|Any CPU.Build.0 = Release|Any CPU
	EndGlobalSection
	GlobalSection(SolutionProperties) = preSolution
		HideSolutionNode = FALSE
	EndGlobalSection
	GlobalSection(ExtensibilityGlobals) = postSolution
		SolutionGuid = {90327D23-3CB6-4B92-A280-9EA185630CA7}
	EndGlobalSection
EndGlobal
